
Microsoft Visual Studio Solution File, Format Version 12.00
# Visual Studio Version 17
VisualStudioVersion = 17.4.33213.308
MinimumVisualStudioVersion = 10.0.40219.1
Project("{FAE04EC0-301F-11D3-BF4B-00C04F79EFBC}") = "BooksListitingApis", "BooksListitingApis.csproj", "{514C9D8E-82BC-4046-A378-F7B6E2784335}"
EndProject
Global
	GlobalSection(SolutionConfigurationPlatforms) = preSolution
		Debug|Any CPU = Debug|Any CPU
		Release|Any CPU = Release|Any CPU
	EndGlobalSection
	GlobalSection(ProjectConfigurationPlatforms) = postSolution
		{514C9D8E-82BC-4046-A378-F7B6E2784335}.Debug|Any CPU.ActiveCfg = Debug|Any CPU
		{514C9D8E-82BC-4046-A378-F7B6E2784335}.Debug|Any CPU.Build.0 = Debug|Any CPU
		{514C9D8E-82BC-4046-A378-F7B6E2784335}.Release|Any CPU.ActiveCfg = Release|Any CPU
		{514C9D8E-82BC-4046-A378-F7B6E2784335}.Release|Any CPU.Build.0 = Release|Any CPU
	EndGlobalSection
	GlobalSection(SolutionProperties) = preSolution
		HideSolutionNode = FALSE
	EndGlobalSection
	GlobalSection(ExtensibilityGlobals) = postSolution
		SolutionGuid = {0DC941B7-9F95-499F-970C-E3D95B524E23}
	EndGlobalSection
EndGlobal
